// !$*UTF8*$!
{
	archiveVersion = 1;
	classes = {
	};
	objectVersion = 50;
	objects = {

/* Begin PBXBuildFile section */
		9706A3F322DCA6C300CB317B /* FollowingCell.swift in Sources */ = {isa = PBXBuildFile; fileRef = 9706A3F222DCA6C300CB317B /* FollowingCell.swift */; };
		9706A3F622DCA8F100CB317B /* StringCheck.swift in Sources */ = {isa = PBXBuildFile; fileRef = 9706A3F522DCA8F100CB317B /* StringCheck.swift */; };
		97FDEA4822D997D9001217F1 /* AppDelegate.swift in Sources */ = {isa = PBXBuildFile; fileRef = 97FDEA4722D997D9001217F1 /* AppDelegate.swift */; };
		97FDEA4A22D997D9001217F1 /* MainController.swift in Sources */ = {isa = PBXBuildFile; fileRef = 97FDEA4922D997D9001217F1 /* MainController.swift */; };
		97FDEA4D22D997D9001217F1 /* Main.storyboard in Resources */ = {isa = PBXBuildFile; fileRef = 97FDEA4B22D997D9001217F1 /* Main.storyboard */; };
		97FDEA4F22D997D9001217F1 /* Assets.xcassets in Resources */ = {isa = PBXBuildFile; fileRef = 97FDEA4E22D997D9001217F1 /* Assets.xcassets */; };
		97FDEA5222D997D9001217F1 /* LaunchScreen.storyboard in Resources */ = {isa = PBXBuildFile; fileRef = 97FDEA5022D997D9001217F1 /* LaunchScreen.storyboard */; };
		97FDEA5A22D99843001217F1 /* HomeController.swift in Sources */ = {isa = PBXBuildFile; fileRef = 97FDEA5922D99843001217F1 /* HomeController.swift */; };
		97FDEA5C22D99B45001217F1 /* SearchController.swift in Sources */ = {isa = PBXBuildFile; fileRef = 97FDEA5B22D99B45001217F1 /* SearchController.swift */; };
		97FDEA5E22D99B7B001217F1 /* PublishController.swift in Sources */ = {isa = PBXBuildFile; fileRef = 97FDEA5D22D99B7B001217F1 /* PublishController.swift */; };
		97FDEA6022D99B9D001217F1 /* LoveController.swift in Sources */ = {isa = PBXBuildFile; fileRef = 97FDEA5F22D99B9D001217F1 /* LoveController.swift */; };
		97FDEA6222D99BAD001217F1 /* ProfileController.swift in Sources */ = {isa = PBXBuildFile; fileRef = 97FDEA6122D99BAD001217F1 /* ProfileController.swift */; };
		97FDEA6B22D99F5B001217F1 /* Billabong.ttf in Resources */ = {isa = PBXBuildFile; fileRef = 97FDEA6A22D99F5B001217F1 /* Billabong.ttf */; };
		97FDEA7622D9D62D001217F1 /* StoryCell.swift in Sources */ = {isa = PBXBuildFile; fileRef = 97FDEA7522D9D62D001217F1 /* StoryCell.swift */; };
		97FDEA7822D9D647001217F1 /* PostCell.swift in Sources */ = {isa = PBXBuildFile; fileRef = 97FDEA7722D9D647001217F1 /* PostCell.swift */; };
		97FDEA7B22D9D66D001217F1 /* Story.swift in Sources */ = {isa = PBXBuildFile; fileRef = 97FDEA7A22D9D66D001217F1 /* Story.swift */; };
		97FDEA7D22D9D678001217F1 /* Post.swift in Sources */ = {isa = PBXBuildFile; fileRef = 97FDEA7C22D9D678001217F1 /* Post.swift */; };
		97FDEA7F22D9E0C2001217F1 /* CategoryCell.swift in Sources */ = {isa = PBXBuildFile; fileRef = 97FDEA7E22D9E0C2001217F1 /* CategoryCell.swift */; };
		97FDEA8122D9F37A001217F1 /* TopPost.swift in Sources */ = {isa = PBXBuildFile; fileRef = 97FDEA8022D9F379001217F1 /* TopPost.swift */; };
		97FDEA8322D9F3DF001217F1 /* TopPostCell.swift in Sources */ = {isa = PBXBuildFile; fileRef = 97FDEA8222D9F3DF001217F1 /* TopPostCell.swift */; };
		97FDEA8722DA0DD5001217F1 /* LibraryCell.swift in Sources */ = {isa = PBXBuildFile; fileRef = 97FDEA8622DA0DD5001217F1 /* LibraryCell.swift */; };
/* End PBXBuildFile section */

/* Begin PBXFileReference section */
		9706A3F222DCA6C300CB317B /* FollowingCell.swift */ = {isa = PBXFileReference; lastKnownFileType = sourcecode.swift; path = FollowingCell.swift; sourceTree = "<group>"; };
		9706A3F522DCA8F100CB317B /* StringCheck.swift */ = {isa = PBXFileReference; lastKnownFileType = sourcecode.swift; path = StringCheck.swift; sourceTree = "<group>"; };
		97FDEA4422D997D9001217F1 /* Instagram Clone.app */ = {isa = PBXFileReference; explicitFileType = wrapper.application; includeInIndex = 0; path = "Instagram Clone.app"; sourceTree = BUILT_PRODUCTS_DIR; };
		97FDEA4722D997D9001217F1 /* AppDelegate.swift */ = {isa = PBXFileReference; lastKnownFileType = sourcecode.swift; path = AppDelegate.swift; sourceTree = "<group>"; };
		97FDEA4922D997D9001217F1 /* MainController.swift */ = {isa = PBXFileReference; lastKnownFileType = sourcecode.swift; path = MainController.swift; sourceTree = "<group>"; };
		97FDEA4C22D997D9001217F1 /* Base */ = {isa = PBXFileReference; lastKnownFileType = file.storyboard; name = Base; path = Base.lproj/Main.storyboard; sourceTree = "<group>"; };
		97FDEA4E22D997D9001217F1 /* Assets.xcassets */ = {isa = PBXFileReference; lastKnownFileType = folder.assetcatalog; path = Assets.xcassets; sourceTree = "<group>"; };
		97FDEA5122D997D9001217F1 /* Base */ = {isa = PBXFileReference; lastKnownFileType = file.storyboard; name = Base; path = Base.lproj/LaunchScreen.storyboard; sourceTree = "<group>"; };
		97FDEA5322D997D9001217F1 /* Info.plist */ = {isa = PBXFileReference; lastKnownFileType = text.plist.xml; path = Info.plist; sourceTree = "<group>"; };
		97FDEA5922D99843001217F1 /* HomeController.swift */ = {isa = PBXFileReference; lastKnownFileType = sourcecode.swift; path = HomeController.swift; sourceTree = "<group>"; };
		97FDEA5B22D99B45001217F1 /* SearchController.swift */ = {isa = PBXFileReference; lastKnownFileType = sourcecode.swift; path = SearchController.swift; sourceTree = "<group>"; };
		97FDEA5D22D99B7B001217F1 /* PublishController.swift */ = {isa = PBXFileReference; lastKnownFileType = sourcecode.swift; path = PublishController.swift; sourceTree = "<group>"; };
		97FDEA5F22D99B9D001217F1 /* LoveController.swift */ = {isa = PBXFileReference; lastKnownFileType = sourcecode.swift; path = LoveController.swift; sourceTree = "<group>"; };
		97FDEA6122D99BAD001217F1 /* ProfileController.swift */ = {isa = PBXFileReference; lastKnownFileType = sourcecode.swift; path = ProfileController.swift; sourceTree = "<group>"; };
		97FDEA6A22D99F5B001217F1 /* Billabong.ttf */ = {isa = PBXFileReference; lastKnownFileType = file; name = Billabong.ttf; path = ../../../../../Desktop/Billabong.ttf; sourceTree = "<group>"; };
		97FDEA7522D9D62D001217F1 /* StoryCell.swift */ = {isa = PBXFileReference; lastKnownFileType = sourcecode.swift; path = StoryCell.swift; sourceTree = "<group>"; };
		97FDEA7722D9D647001217F1 /* PostCell.swift */ = {isa = PBXFileReference; lastKnownFileType = sourcecode.swift; path = PostCell.swift; sourceTree = "<group>"; };
		97FDEA7A22D9D66D001217F1 /* Story.swift */ = {isa = PBXFileReference; lastKnownFileType = sourcecode.swift; path = Story.swift; sourceTree = "<group>"; };
		97FDEA7C22D9D678001217F1 /* Post.swift */ = {isa = PBXFileReference; lastKnownFileType = sourcecode.swift; path = Post.swift; sourceTree = "<group>"; };
		97FDEA7E22D9E0C2001217F1 /* CategoryCell.swift */ = {isa = PBXFileReference; lastKnownFileType = sourcecode.swift; path = CategoryCell.swift; sourceTree = "<group>"; };
		97FDEA8022D9F379001217F1 /* TopPost.swift */ = {isa = PBXFileReference; lastKnownFileType = sourcecode.swift; path = TopPost.swift; sourceTree = "<group>"; };
		97FDEA8222D9F3DF001217F1 /* TopPostCell.swift */ = {isa = PBXFileReference; lastKnownFileType = sourcecode.swift; path = TopPostCell.swift; sourceTree = "<group>"; };
		97FDEA8622DA0DD5001217F1 /* LibraryCell.swift */ = {isa = PBXFileReference; lastKnownFileType = sourcecode.swift; path = LibraryCell.swift; sourceTree = "<group>"; };
/* End PBXFileReference section */

/* Begin PBXFrameworksBuildPhase section */
		97FDEA4122D997D9001217F1 /* Frameworks */ = {
			isa = PBXFrameworksBuildPhase;
			buildActionMask = 2147483647;
			files = (
			);
			runOnlyForDeploymentPostprocessing = 0;
		};
/* End PBXFrameworksBuildPhase section */

/* Begin PBXGroup section */
		9706A3F422DCA8E400CB317B /* Utils */ = {
			isa = PBXGroup;
			children = (
				9706A3F522DCA8F100CB317B /* StringCheck.swift */,
			);
			path = Utils;
			sourceTree = "<group>";
		};
		97FDEA3B22D997D9001217F1 = {
			isa = PBXGroup;
			children = (
				97FDEA4622D997D9001217F1 /* Instagram Clone */,
				97FDEA4522D997D9001217F1 /* Products */,
			);
			sourceTree = "<group>";
		};
		97FDEA4522D997D9001217F1 /* Products */ = {
			isa = PBXGroup;
			children = (
				97FDEA4422D997D9001217F1 /* Instagram Clone.app */,
			);
			name = Products;
			sourceTree = "<group>";
		};
		97FDEA4622D997D9001217F1 /* Instagram Clone */ = {
			isa = PBXGroup;
			children = (
				9706A3F422DCA8E400CB317B /* Utils */,
				97FDEA7922D9D660001217F1 /* Models */,
				97FDEA7322D9D614001217F1 /* Cells */,
				97FDEA7222D9D5FF001217F1 /* Controllers */,
				97FDEA6522D99F14001217F1 /* Fonts */,
				97FDEA4722D997D9001217F1 /* AppDelegate.swift */,
				97FDEA4B22D997D9001217F1 /* Main.storyboard */,
				97FDEA4E22D997D9001217F1 /* Assets.xcassets */,
				97FDEA5022D997D9001217F1 /* LaunchScreen.storyboard */,
				97FDEA5322D997D9001217F1 /* Info.plist */,
			);
			path = "Instagram Clone";
			sourceTree = "<group>";
		};
		97FDEA6522D99F14001217F1 /* Fonts */ = {
			isa = PBXGroup;
			children = (
				97FDEA6A22D99F5B001217F1 /* Billabong.ttf */,
			);
			path = Fonts;
			sourceTree = "<group>";
		};
		97FDEA7222D9D5FF001217F1 /* Controllers */ = {
			isa = PBXGroup;
			children = (
				97FDEA4922D997D9001217F1 /* MainController.swift */,
				97FDEA5922D99843001217F1 /* HomeController.swift */,
				97FDEA5B22D99B45001217F1 /* SearchController.swift */,
				97FDEA5D22D99B7B001217F1 /* PublishController.swift */,
				97FDEA5F22D99B9D001217F1 /* LoveController.swift */,
				97FDEA6122D99BAD001217F1 /* ProfileController.swift */,
			);
			path = Controllers;
			sourceTree = "<group>";
		};
		97FDEA7322D9D614001217F1 /* Cells */ = {
			isa = PBXGroup;
			children = (
				97FDEA7522D9D62D001217F1 /* StoryCell.swift */,
				97FDEA7722D9D647001217F1 /* PostCell.swift */,
				97FDEA7E22D9E0C2001217F1 /* CategoryCell.swift */,
				97FDEA8222D9F3DF001217F1 /* TopPostCell.swift */,
				97FDEA8622DA0DD5001217F1 /* LibraryCell.swift */,
				9706A3F222DCA6C300CB317B /* FollowingCell.swift */,
			);
			path = Cells;
			sourceTree = "<group>";
		};
		97FDEA7922D9D660001217F1 /* Models */ = {
			isa = PBXGroup;
			children = (
				97FDEA7A22D9D66D001217F1 /* Story.swift */,
				97FDEA7C22D9D678001217F1 /* Post.swift */,
				97FDEA8022D9F379001217F1 /* TopPost.swift */,
			);
			path = Models;
			sourceTree = "<group>";
		};
/* End PBXGroup section */

/* Begin PBXNativeTarget section */
		97FDEA4322D997D9001217F1 /* Instagram Clone */ = {
			isa = PBXNativeTarget;
			buildConfigurationList = 97FDEA5622D997D9001217F1 /* Build configuration list for PBXNativeTarget "Instagram Clone" */;
			buildPhases = (
				97FDEA4022D997D9001217F1 /* Sources */,
				97FDEA4122D997D9001217F1 /* Frameworks */,
				97FDEA4222D997D9001217F1 /* Resources */,
			);
			buildRules = (
			);
			dependencies = (
			);
			name = "Instagram Clone";
			productName = "Instagram Clone";
			productReference = 97FDEA4422D997D9001217F1 /* Instagram Clone.app */;
			productType = "com.apple.product-type.application";
		};
/* End PBXNativeTarget section */

/* Begin PBXProject section */
		97FDEA3C22D997D9001217F1 /* Project object */ = {
			isa = PBXProject;
			attributes = {
				LastSwiftUpdateCheck = 1020;
				LastUpgradeCheck = 1020;
				ORGANIZATIONNAME = "Suprianto Djamalu";
				TargetAttributes = {
					97FDEA4322D997D9001217F1 = {
						CreatedOnToolsVersion = 10.2.1;
					};
				};
			};
			buildConfigurationList = 97FDEA3F22D997D9001217F1 /* Build configuration list for PBXProject "Instagram Clone" */;
			compatibilityVersion = "Xcode 9.3";
			developmentRegion = en;
			hasScannedForEncodings = 0;
			knownRegions = (
				en,
				Base,
			);
			mainGroup = 97FDEA3B22D997D9001217F1;
			productRefGroup = 97FDEA4522D997D9001217F1 /* Products */;
			projectDirPath = "";
			projectRoot = "";
			targets = (
				97FDEA4322D997D9001217F1 /* Instagram Clone */,
			);
		};
/* End PBXProject section */

/* Begin PBXResourcesBuildPhase section */
		97FDEA4222D997D9001217F1 /* Resources */ = {
			isa = PBXResourcesBuildPhase;
			buildActionMask = 2147483647;
			files = (
				97FDEA5222D997D9001217F1 /* LaunchScreen.storyboard in Resources */,
				97FDEA4F22D997D9001217F1 /* Assets.xcassets in Resources */,
				97FDEA4D22D997D9001217F1 /* Main.storyboard in Resources */,
				97FDEA6B22D99F5B001217F1 /* Billabong.ttf in Resources */,
			);
			runOnlyForDeploymentPostprocessing = 0;
		};
/* End PBXResourcesBuildPhase section */

/* Begin PBXSourcesBuildPhase section */
		97FDEA4022D997D9001217F1 /* Sources */ = {
			isa = PBXSourcesBuildPhase;
			buildActionMask = 2147483647;
			files = (
				97FDEA8722DA0DD5001217F1 /* LibraryCell.swift in Sources */,
				97FDEA6222D99BAD001217F1 /* ProfileController.swift in Sources */,
				9706A3F622DCA8F100CB317B /* StringCheck.swift in Sources */,
				97FDEA8322D9F3DF001217F1 /* TopPostCell.swift in Sources */,
				97FDEA7D22D9D678001217F1 /* Post.swift in Sources */,
				97FDEA4A22D997D9001217F1 /* MainController.swift in Sources */,
				97FDEA4822D997D9001217F1 /* AppDelegate.swift in Sources */,
				97FDEA7622D9D62D001217F1 /* StoryCell.swift in Sources */,
				97FDEA5A22D99843001217F1 /* HomeController.swift in Sources */,
				97FDEA7822D9D647001217F1 /* PostCell.swift in Sources */,
				97FDEA5C22D99B45001217F1 /* SearchController.swift in Sources */,
				97FDEA5E22D99B7B001217F1 /* PublishController.swift in Sources */,
				97FDEA6022D99B9D001217F1 /* LoveController.swift in Sources */,
				97FDEA7B22D9D66D001217F1 /* Story.swift in Sources */,
				97FDEA8122D9F37A001217F1 /* TopPost.swift in Sources */,
				97FDEA7F22D9E0C2001217F1 /* CategoryCell.swift in Sources */,
				9706A3F322DCA6C300CB317B /* FollowingCell.swift in Sources */,
			);
			runOnlyForDeploymentPostprocessing = 0;
		};
/* End PBXSourcesBuildPhase section */

/* Begin PBXVariantGroup section */
		97FDEA4B22D997D9001217F1 /* Main.storyboard */ = {
			isa = PBXVariantGroup;
			children = (
				97FDEA4C22D997D9001217F1 /* Base */,
			);
			name = Main.storyboard;
			sourceTree = "<group>";
		};
		97FDEA5022D997D9001217F1 /* LaunchScreen.storyboard */ = {
			isa = PBXVariantGroup;
			children = (
				97FDEA5122D997D9001217F1 /* Base */,
			);
			name = LaunchScreen.storyboard;
			sourceTree = "<group>";
		};
/* End PBXVariantGroup section */

/* Begin XCBuildConfiguration section */
		97FDEA5422D997D9001217F1 /* Debug */ = {
			isa = XCBuildConfiguration;
			buildSettings = {
				ALWAYS_SEARCH_USER_PATHS = NO;
				CLANG_ANALYZER_NONNULL = YES;
				CLANG_ANALYZER_NUMBER_OBJECT_CONVERSION = YES_AGGRESSIVE;
				CLANG_CXX_LANGUAGE_STANDARD = "gnu++14";
				CLANG_CXX_LIBRARY = "libc++";
				CLANG_ENABLE_MODULES = YES;
				CLANG_ENABLE_OBJC_ARC = YES;
				CLANG_ENABLE_OBJC_WEAK = YES;
				CLANG_WARN_BLOCK_CAPTURE_AUTORELEASING = YES;
				CLANG_WARN_BOOL_CONVERSION = YES;
				CLANG_WARN_COMMA = YES;
				CLANG_WARN_CONSTANT_CONVERSION = YES;
				CLANG_WARN_DEPRECATED_OBJC_IMPLEMENTATIONS = YES;
				CLANG_WARN_DIRECT_OBJC_ISA_USAGE = YES_ERROR;
				CLANG_WARN_DOCUMENTATION_COMMENTS = YES;
				CLANG_WARN_EMPTY_BODY = YES;
				CLANG_WARN_ENUM_CONVERSION = YES;
				CLANG_WARN_INFINITE_RECURSION = YES;
				CLANG_WARN_INT_CONVERSION = YES;
				CLANG_WARN_NON_LITERAL_NULL_CONVERSION = YES;
				CLANG_WARN_OBJC_IMPLICIT_RETAIN_SELF = YES;
				CLANG_WARN_OBJC_LITERAL_CONVERSION = YES;
				CLANG_WARN_OBJC_ROOT_CLASS = YES_ERROR;
				CLANG_WARN_RANGE_LOOP_ANALYSIS = YES;
				CLANG_WARN_STRICT_PROTOTYPES = YES;
				CLANG_WARN_SUSPICIOUS_MOVE = YES;
				CLANG_WARN_UNGUARDED_AVAILABILITY = YES_AGGRESSIVE;
				CLANG_WARN_UNREACHABLE_CODE = YES;
				CLANG_WARN__DUPLICATE_METHOD_MATCH = YES;
				CODE_SIGN_IDENTITY = "iPhone Developer";
				COPY_PHASE_STRIP = NO;
				DEBUG_INFORMATION_FORMAT = dwarf;
				ENABLE_STRICT_OBJC_MSGSEND = YES;
				ENABLE_TESTABILITY = YES;
				GCC_C_LANGUAGE_STANDARD = gnu11;
				GCC_DYNAMIC_NO_PIC = NO;
				GCC_NO_COMMON_BLOCKS = YES;
				GCC_OPTIMIZATION_LEVEL = 0;
				GCC_PREPROCESSOR_DEFINITIONS = (
					"DEBUG=1",
					"$(inherited)",
				);
				GCC_WARN_64_TO_32_BIT_CONVERSION = YES;
				GCC_WARN_ABOUT_RETURN_TYPE = YES_ERROR;
				GCC_WARN_UNDECLARED_SELECTOR = YES;
				GCC_WARN_UNINITIALIZED_AUTOS = YES_AGGRESSIVE;
				GCC_WARN_UNUSED_FUNCTION = YES;
				GCC_WARN_UNUSED_VARIABLE = YES;
				IPHONEOS_DEPLOYMENT_TARGET = 12.2;
				MTL_ENABLE_DEBUG_INFO = INCLUDE_SOURCE;
				MTL_FAST_MATH = YES;
				ONLY_ACTIVE_ARCH = YES;
				SDKROOT = iphoneos;
				SWIFT_ACTIVE_COMPILATION_CONDITIONS = DEBUG;
				SWIFT_OPTIMIZATION_LEVEL = "-Onone";
			};
			name = Debug;
		};
		97FDEA5522D997D9001217F1 /* Release */ = {
			isa = XCBuildConfiguration;
			buildSettings = {
				ALWAYS_SEARCH_USER_PATHS = NO;
				CLANG_ANALYZER_NONNULL = YES;
				CLANG_ANALYZER_NUMBER_OBJECT_CONVERSION = YES_AGGRESSIVE;
				CLANG_CXX_LANGUAGE_STANDARD = "gnu++14";
				CLANG_CXX_LIBRARY = "libc++";
				CLANG_ENABLE_MODULES = YES;
				CLANG_ENABLE_OBJC_ARC = YES;
				CLANG_ENABLE_OBJC_WEAK = YES;
				CLANG_WARN_BLOCK_CAPTURE_AUTORELEASING = YES;
				CLANG_WARN_BOOL_CONVERSION = YES;
				CLANG_WARN_COMMA = YES;
				CLANG_WARN_CONSTANT_CONVERSION = YES;
				CLANG_WARN_DEPRECATED_OBJC_IMPLEMENTATIONS = YES;
				CLANG_WARN_DIRECT_OBJC_ISA_USAGE = YES_ERROR;
				CLANG_WARN_DOCUMENTATION_COMMENTS = YES;
				CLANG_WARN_EMPTY_BODY = YES;
				CLANG_WARN_ENUM_CONVERSION = YES;
				CLANG_WARN_INFINITE_RECURSION = YES;
				CLANG_WARN_INT_CONVERSION = YES;
				CLANG_WARN_NON_LITERAL_NULL_CONVERSION = YES;
				CLANG_WARN_OBJC_IMPLICIT_RETAIN_SELF = YES;
				CLANG_WARN_OBJC_LITERAL_CONVERSION = YES;
				CLANG_WARN_OBJC_ROOT_CLASS = YES_ERROR;
				CLANG_WARN_RANGE_LOOP_ANALYSIS = YES;
				CLANG_WARN_STRICT_PROTOTYPES = YES;
				CLANG_WARN_SUSPICIOUS_MOVE = YES;
				CLANG_WARN_UNGUARDED_AVAILABILITY = YES_AGGRESSIVE;
				CLANG_WARN_UNREACHABLE_CODE = YES;
				CLANG_WARN__DUPLICATE_METHOD_MATCH = YES;
				CODE_SIGN_IDENTITY = "iPhone Developer";
				COPY_PHASE_STRIP = NO;
				DEBUG_INFORMATION_FORMAT = "dwarf-with-dsym";
				ENABLE_NS_ASSERTIONS = NO;
				ENABLE_STRICT_OBJC_MSGSEND = YES;
				GCC_C_LANGUAGE_STANDARD = gnu11;
				GCC_NO_COMMON_BLOCKS = YES;
				GCC_WARN_64_TO_32_BIT_CONVERSION = YES;
				GCC_WARN_ABOUT_RETURN_TYPE = YES_ERROR;
				GCC_WARN_UNDECLARED_SELECTOR = YES;
				GCC_WARN_UNINITIALIZED_AUTOS = YES_AGGRESSIVE;
				GCC_WARN_UNUSED_FUNCTION = YES;
				GCC_WARN_UNUSED_VARIABLE = YES;
				IPHONEOS_DEPLOYMENT_TARGET = 12.2;
				MTL_ENABLE_DEBUG_INFO = NO;
				MTL_FAST_MATH = YES;
				SDKROOT = iphoneos;
				SWIFT_COMPILATION_MODE = wholemodule;
				SWIFT_OPTIMIZATION_LEVEL = "-O";
				VALIDATE_PRODUCT = YES;
			};
			name = Release;
		};
		97FDEA5722D997D9001217F1 /* Debug */ = {
			isa = XCBuildConfiguration;
			buildSettings = {
				ASSETCATALOG_COMPILER_APPICON_NAME = AppIcon;
				CODE_SIGN_STYLE = Automatic;
				DEVELOPMENT_TEAM = 83JMC98N76;
				INFOPLIST_FILE = "Instagram Clone/Info.plist";
				LD_RUNPATH_SEARCH_PATHS = (
					"$(inherited)",
					"@executable_path/Frameworks",
				);
				PRODUCT_BUNDLE_IDENTIFIER = "pro.erthru.Instagram-Clone";
				PRODUCT_NAME = "$(TARGET_NAME)";
				SWIFT_VERSION = 5.0;
				TARGETED_DEVICE_FAMILY = "1,2";
			};
			name = Debug;
		};
		97FDEA5822D997D9001217F1 /* Release */ = {
			isa = XCBuildConfiguration;
			buildSettings = {
				ASSETCATALOG_COMPILER_APPICON_NAME = AppIcon;
				CODE_SIGN_STYLE = Automatic;
				DEVELOPMENT_TEAM = 83JMC98N76;
				INFOPLIST_FILE = "Instagram Clone/Info.plist";
				LD_RUNPATH_SEARCH_PATHS = (
					"$(inherited)",
					"@executable_path/Frameworks",
				);
				PRODUCT_BUNDLE_IDENTIFIER = "pro.erthru.Instagram-Clone";
				PRODUCT_NAME = "$(TARGET_NAME)";
				SWIFT_VERSION = 5.0;
				TARGETED_DEVICE_FAMILY = "1,2";
			};
			name = Release;
		};
/* End XCBuildConfiguration section */

/* Begin XCConfigurationList section */
		97FDEA3F22D997D9001217F1 /* Build configuration list for PBXProject "Instagram Clone" */ = {
			isa = XCConfigurationList;
			buildConfigurations = (
				97FDEA5422D997D9001217F1 /* Debug */,
				97FDEA5522D997D9001217F1 /* Release */,
			);
			defaultConfigurationIsVisible = 0;
			defaultConfigurationName = Release;
		};
		97FDEA5622D997D9001217F1 /* Build configuration list for PBXNativeTarget "Instagram Clone" */ = {
			isa = XCConfigurationList;
			buildConfigurations = (
				97FDEA5722D997D9001217F1 /* Debug */,
				97FDEA5822D997D9001217F1 /* Release */,
			);
			defaultConfigurationIsVisible = 0;
			defaultConfigurationName = Release;
		};
/* End XCConfigurationList section */
	};
	rootObject = 97FDEA3C22D997D9001217F1 /* Project object */;
}
